
Microsoft Visual Studio Solution File, Format Version 12.00
# Visual Studio 14
VisualStudioVersion = 14.0.25420.1
MinimumVisualStudioVersion = 10.0.40219.1
Project("{FAE04EC0-301F-11D3-BF4B-00C04F79EFBC}") = "Etnath.Utilities.Portable", "Etnath.Utilities.Portable\Etnath.Utilities.Portable.csproj", "{11A5EC84-B712-444B-B005-AEC52516FAD2}"
EndProject
Project("{FAE04EC0-301F-11D3-BF4B-00C04F79EFBC}") = "Etnath.Utilities.Portable.Test", "Etnath.Utilities.Portable.Test\Etnath.Utilities.Portable.Test.csproj", "{69BBC594-373B-4F48-92AE-C10108285792}"
EndProject
Global
	GlobalSection(SolutionConfigurationPlatforms) = preSolution
		Debug|Any CPU = Debug|Any CPU
		Release|Any CPU = Release|Any CPU
	EndGlobalSection
	GlobalSection(ProjectConfigurationPlatforms) = postSolution
		{11A5EC84-B712-444B-B005-AEC52516FAD2}.Debug|Any CPU.ActiveCfg = Debug|Any CPU
		{11A5EC84-B712-444B-B005-AEC52516FAD2}.Debug|Any CPU.Build.0 = Debug|Any CPU
		{11A5EC84-B712-444B-B005-AEC52516FAD2}.Release|Any CPU.ActiveCfg = Release|Any CPU
		{11A5EC84-B712-444B-B005-AEC52516FAD2}.Release|Any CPU.Build.0 = Release|Any CPU
		{69BBC594-373B-4F48-92AE-C10108285792}.Debug|Any CPU.ActiveCfg = Debug|Any CPU
		{69BBC594-373B-4F48-92AE-C10108285792}.Debug|Any CPU.Build.0 = Debug|Any CPU
		{69BBC594-373B-4F48-92AE-C10108285792}.Release|Any CPU.ActiveCfg = Release|Any CPU
		{69BBC594-373B-4F48-92AE-C10108285792}.Release|Any CPU.Build.0 = Release|Any CPU
	EndGlobalSection
	GlobalSection(SolutionProperties) = preSolution
		HideSolutionNode = FALSE
	EndGlobalSection
EndGlobal
